
Microsoft Visual Studio Solution File, Format Version 12.00
# Visual Studio Version 17
VisualStudioVersion = 17.3.32929.385
MinimumVisualStudioVersion = 10.0.40219.1
Project("{8BC9CEB8-8B4A-11D0-8D11-00A0C91BC942}") = "CalcDemo", "CalcDemo\CalcDemo.vcxproj", "{33DF28C8-7718-45C0-9165-4646C614DF1D}"
EndProject
Project("{2150E333-8FDC-42A3-9474-1A3956D46DE8}") = "Solution Items", "Solution Items", "{C05439E4-CCD2-4E32-991B-C86BD929C1A0}"
	ProjectSection(SolutionItems) = preProject
		README.MD = README.MD
	EndProjectSection
EndProject
Global
	GlobalSection(SolutionConfigurationPlatforms) = preSolution
		Debug|x64 = Debug|x64
		Debug|x86 = Debug|x86
		Release|x64 = Release|x64
		Release|x86 = Release|x86
	EndGlobalSection
	GlobalSection(ProjectConfigurationPlatforms) = postSolution
		{33DF28C8-7718-45C0-9165-4646C614DF1D}.Debug|x64.ActiveCfg = Debug|x64
		{33DF28C8-7718-45C0-9165-4646C614DF1D}.Debug|x64.Build.0 = Debug|x64
		{33DF28C8-7718-45C0-9165-4646C614DF1D}.Debug|x86.ActiveCfg = Debug|Win32
		{33DF28C8-7718-45C0-9165-4646C614DF1D}.Debug|x86.Build.0 = Debug|Win32
		{33DF28C8-7718-45C0-9165-4646C614DF1D}.Release|x64.ActiveCfg = Release|x64
		{33DF28C8-7718-45C0-9165-4646C614DF1D}.Release|x64.Build.0 = Release|x64
		{33DF28C8-7718-45C0-9165-4646C614DF1D}.Release|x86.ActiveCfg = Release|Win32
		{33DF28C8-7718-45C0-9165-4646C614DF1D}.Release|x86.Build.0 = Release|Win32
	EndGlobalSection
	GlobalSection(SolutionProperties) = preSolution
		HideSolutionNode = FALSE
	EndGlobalSection
	GlobalSection(ExtensibilityGlobals) = postSolution
		SolutionGuid = {F70094F2-7911-4F0F-B282-E032D708A527}
	EndGlobalSection
EndGlobal
